
Microsoft Visual Studio Solution File, Format Version 12.00
# Visual Studio 15
VisualStudioVersion = 15.0.28307.1321
MinimumVisualStudioVersion = 10.0.40219.1
Project("{FAE04EC0-301F-11D3-BF4B-00C04F79EFBC}") = "VIDEO175HILOS_MONTERO_PAZ_REINOSO", "VIDEO175HILOS_MONTERO_PAZ_REINOSO\VIDEO175HILOS_MONTERO_PAZ_REINOSO.csproj", "{FD312F99-3118-43D2-B142-293D4FCB2E22}"
EndProject
Global
	GlobalSection(SolutionConfigurationPlatforms) = preSolution
		Debug|Any CPU = Debug|Any CPU
		Release|Any CPU = Release|Any CPU
	EndGlobalSection
	GlobalSection(ProjectConfigurationPlatforms) = postSolution
		{FD312F99-3118-43D2-B142-293D4FCB2E22}.Debug|Any CPU.ActiveCfg = Debug|Any CPU
		{FD312F99-3118-43D2-B142-293D4FCB2E22}.Debug|Any CPU.Build.0 = Debug|Any CPU
		{FD312F99-3118-43D2-B142-293D4FCB2E22}.Release|Any CPU.ActiveCfg = Release|Any CPU
		{FD312F99-3118-43D2-B142-293D4FCB2E22}.Release|Any CPU.Build.0 = Release|Any CPU
	EndGlobalSection
	GlobalSection(SolutionProperties) = preSolution
		HideSolutionNode = FALSE
	EndGlobalSection
	GlobalSection(ExtensibilityGlobals) = postSolution
		SolutionGuid = {CCF6683D-85EC-4C76-AE08-5D93F8384739}
	EndGlobalSection
EndGlobal
