
Microsoft Visual Studio Solution File, Format Version 12.00
# Visual Studio 15
VisualStudioVersion = 15.0.28307.1321
MinimumVisualStudioVersion = 10.0.40219.1
Project("{FAE04EC0-301F-11D3-BF4B-00C04F79EFBC}") = "VIDEO169HILOS_MONTERO_PAZ_REINOSO", "VIDEO169HILOS_MONTERO_PAZ_REINOSO\VIDEO169HILOS_MONTERO_PAZ_REINOSO.csproj", "{EC9851E9-EE70-432F-B956-F1C4BA83C67C}"
EndProject
Global
	GlobalSection(SolutionConfigurationPlatforms) = preSolution
		Debug|Any CPU = Debug|Any CPU
		Release|Any CPU = Release|Any CPU
	EndGlobalSection
	GlobalSection(ProjectConfigurationPlatforms) = postSolution
		{EC9851E9-EE70-432F-B956-F1C4BA83C67C}.Debug|Any CPU.ActiveCfg = Debug|Any CPU
		{EC9851E9-EE70-432F-B956-F1C4BA83C67C}.Debug|Any CPU.Build.0 = Debug|Any CPU
		{EC9851E9-EE70-432F-B956-F1C4BA83C67C}.Release|Any CPU.ActiveCfg = Release|Any CPU
		{EC9851E9-EE70-432F-B956-F1C4BA83C67C}.Release|Any CPU.Build.0 = Release|Any CPU
	EndGlobalSection
	GlobalSection(SolutionProperties) = preSolution
		HideSolutionNode = FALSE
	EndGlobalSection
	GlobalSection(ExtensibilityGlobals) = postSolution
		SolutionGuid = {B8F94A78-4125-4CFF-9626-FB1CFBA7B17E}
	EndGlobalSection
EndGlobal
